// !$*UTF8*$!
{
	archiveVersion = 1;
	classes = {
	};
	objectVersion = 55;
	objects = {

/* Begin PBXBuildFile section */
		77208B552A22A82D003EDE1A /* CondoriSoundBoard.xcdatamodeld in Sources */ = {isa = PBXBuildFile; fileRef = 77208B532A22A82D003EDE1A /* CondoriSoundBoard.xcdatamodeld */; };
		A8C33ED82A1E686C000339DD /* AppDelegate.swift in Sources */ = {isa = PBXBuildFile; fileRef = A8C33ED72A1E686C000339DD /* AppDelegate.swift */; };
		A8C33EDA2A1E686C000339DD /* SceneDelegate.swift in Sources */ = {isa = PBXBuildFile; fileRef = A8C33ED92A1E686C000339DD /* SceneDelegate.swift */; };
		A8C33EDC2A1E686C000339DD /* ViewController.swift in Sources */ = {isa = PBXBuildFile; fileRef = A8C33EDB2A1E686C000339DD /* ViewController.swift */; };
		A8C33EDF2A1E686C000339DD /* Main.storyboard in Resources */ = {isa = PBXBuildFile; fileRef = A8C33EDD2A1E686C000339DD /* Main.storyboard */; };
		A8C33EE42A1E6871000339DD /* Assets.xcassets in Resources */ = {isa = PBXBuildFile; fileRef = A8C33EE32A1E6871000339DD /* Assets.xcassets */; };
		A8C33EE72A1E6871000339DD /* LaunchScreen.storyboard in Resources */ = {isa = PBXBuildFile; fileRef = A8C33EE52A1E6871000339DD /* LaunchScreen.storyboard */; };
		A8C33EEF2A1E712B000339DD /* SoundViewController.swift in Sources */ = {isa = PBXBuildFile; fileRef = A8C33EEE2A1E712B000339DD /* SoundViewController.swift */; };
/* End PBXBuildFile section */

/* Begin PBXFileReference section */
		77208B542A22A82D003EDE1A /* CondoriSoundBoard.xcdatamodel */ = {isa = PBXFileReference; lastKnownFileType = wrapper.xcdatamodel; path = CondoriSoundBoard.xcdatamodel; sourceTree = "<group>"; };
		A8C33ED42A1E686C000339DD /* CondoriSoundBoard.app */ = {isa = PBXFileReference; explicitFileType = wrapper.application; includeInIndex = 0; path = CondoriSoundBoard.app; sourceTree = BUILT_PRODUCTS_DIR; };
		A8C33ED72A1E686C000339DD /* AppDelegate.swift */ = {isa = PBXFileReference; lastKnownFileType = sourcecode.swift; path = AppDelegate.swift; sourceTree = "<group>"; };
		A8C33ED92A1E686C000339DD /* SceneDelegate.swift */ = {isa = PBXFileReference; lastKnownFileType = sourcecode.swift; path = SceneDelegate.swift; sourceTree = "<group>"; };
		A8C33EDB2A1E686C000339DD /* ViewController.swift */ = {isa = PBXFileReference; lastKnownFileType = sourcecode.swift; path = ViewController.swift; sourceTree = "<group>"; };
		A8C33EDE2A1E686C000339DD /* Base */ = {isa = PBXFileReference; lastKnownFileType = file.storyboard; name = Base; path = Base.lproj/Main.storyboard; sourceTree = "<group>"; };
		A8C33EE32A1E6871000339DD /* Assets.xcassets */ = {isa = PBXFileReference; lastKnownFileType = folder.assetcatalog; path = Assets.xcassets; sourceTree = "<group>"; };
		A8C33EE62A1E6871000339DD /* Base */ = {isa = PBXFileReference; lastKnownFileType = file.storyboard; name = Base; path = Base.lproj/LaunchScreen.storyboard; sourceTree = "<group>"; };
		A8C33EE82A1E6871000339DD /* Info.plist */ = {isa = PBXFileReference; lastKnownFileType = text.plist.xml; path = Info.plist; sourceTree = "<group>"; };
		A8C33EEE2A1E712B000339DD /* SoundViewController.swift */ = {isa = PBXFileReference; lastKnownFileType = sourcecode.swift; path = SoundViewController.swift; sourceTree = "<group>"; };
/* End PBXFileReference section */

/* Begin PBXFrameworksBuildPhase section */
		A8C33ED12A1E686C000339DD /* Frameworks */ = {
			isa = PBXFrameworksBuildPhase;
			buildActionMask = 2147483647;
			files = (
			);
			runOnlyForDeploymentPostprocessing = 0;
		};
/* End PBXFrameworksBuildPhase section */

/* Begin PBXGroup section */
		A8C33ECB2A1E686C000339DD = {
			isa = PBXGroup;
			children = (
				A8C33ED62A1E686C000339DD /* CondoriSoundBoard */,
				A8C33ED52A1E686C000339DD /* Products */,
			);
			sourceTree = "<group>";
		};
		A8C33ED52A1E686C000339DD /* Products */ = {
			isa = PBXGroup;
			children = (
				A8C33ED42A1E686C000339DD /* CondoriSoundBoard.app */,
			);
			name = Products;
			sourceTree = "<group>";
		};
		A8C33ED62A1E686C000339DD /* CondoriSoundBoard */ = {
			isa = PBXGroup;
			children = (
				A8C33ED72A1E686C000339DD /* AppDelegate.swift */,
				A8C33ED92A1E686C000339DD /* SceneDelegate.swift */,
				77208B532A22A82D003EDE1A /* CondoriSoundBoard.xcdatamodeld */,
				A8C33EDB2A1E686C000339DD /* ViewController.swift */,
				A8C33EDD2A1E686C000339DD /* Main.storyboard */,
				A8C33EE32A1E6871000339DD /* Assets.xcassets */,
				A8C33EE52A1E6871000339DD /* LaunchScreen.storyboard */,
				A8C33EE82A1E6871000339DD /* Info.plist */,
				A8C33EEE2A1E712B000339DD /* SoundViewController.swift */,
			);
			path = CondoriSoundBoard;
			sourceTree = "<group>";
		};
/* End PBXGroup section */

/* Begin PBXNativeTarget section */
		A8C33ED32A1E686C000339DD /* CondoriSoundBoard */ = {
			isa = PBXNativeTarget;
			buildConfigurationList = A8C33EEB2A1E6871000339DD /* Build configuration list for PBXNativeTarget "CondoriSoundBoard" */;
			buildPhases = (
				A8C33ED02A1E686C000339DD /* Sources */,
				A8C33ED12A1E686C000339DD /* Frameworks */,
				A8C33ED22A1E686C000339DD /* Resources */,
			);
			buildRules = (
			);
			dependencies = (
			);
			name = CondoriSoundBoard;
			productName = CondoriSoundBoard;
			productReference = A8C33ED42A1E686C000339DD /* CondoriSoundBoard.app */;
			productType = "com.apple.product-type.application";
		};
/* End PBXNativeTarget section */

/* Begin PBXProject section */
		A8C33ECC2A1E686C000339DD /* Project object */ = {
			isa = PBXProject;
			attributes = {
				BuildIndependentTargetsInParallel = 1;
				LastSwiftUpdateCheck = 1340;
				LastUpgradeCheck = 1340;
				TargetAttributes = {
					A8C33ED32A1E686C000339DD = {
						CreatedOnToolsVersion = 13.4.1;
					};
				};
			};
			buildConfigurationList = A8C33ECF2A1E686C000339DD /* Build configuration list for PBXProject "CondoriSoundBoard" */;
			compatibilityVersion = "Xcode 13.0";
			developmentRegion = en;
			hasScannedForEncodings = 0;
			knownRegions = (
				en,
				Base,
			);
			mainGroup = A8C33ECB2A1E686C000339DD;
			productRefGroup = A8C33ED52A1E686C000339DD /* Products */;
			projectDirPath = "";
			projectRoot = "";
			targets = (
				A8C33ED32A1E686C000339DD /* CondoriSoundBoard */,
			);
		};
/* End PBXProject section */

/* Begin PBXResourcesBuildPhase section */
		A8C33ED22A1E686C000339DD /* Resources */ = {
			isa = PBXResourcesBuildPhase;
			buildActionMask = 2147483647;
			files = (
				A8C33EE72A1E6871000339DD /* LaunchScreen.storyboard in Resources */,
				A8C33EE42A1E6871000339DD /* Assets.xcassets in Resources */,
				A8C33EDF2A1E686C000339DD /* Main.storyboard in Resources */,
			);
			runOnlyForDeploymentPostprocessing = 0;
		};
/* End PBXResourcesBuildPhase section */

/* Begin PBXSourcesBuildPhase section */
		A8C33ED02A1E686C000339DD /* Sources */ = {
			isa = PBXSourcesBuildPhase;
			buildActionMask = 2147483647;
			files = (
				A8C33EDC2A1E686C000339DD /* ViewController.swift in Sources */,
				A8C33ED82A1E686C000339DD /* AppDelegate.swift in Sources */,
				A8C33EDA2A1E686C000339DD /* SceneDelegate.swift in Sources */,
				77208B552A22A82D003EDE1A /* CondoriSoundBoard.xcdatamodeld in Sources */,
				A8C33EEF2A1E712B000339DD /* SoundViewController.swift in Sources */,
			);
			runOnlyForDeploymentPostprocessing = 0;
		};
/* End PBXSourcesBuildPhase section */

/* Begin PBXVariantGroup section */
		A8C33EDD2A1E686C000339DD /* Main.storyboard */ = {
			isa = PBXVariantGroup;
			children = (
				A8C33EDE2A1E686C000339DD /* Base */,
			);
			name = Main.storyboard;
			sourceTree = "<group>";
		};
		A8C33EE52A1E6871000339DD /* LaunchScreen.storyboard */ = {
			isa = PBXVariantGroup;
			children = (
				A8C33EE62A1E6871000339DD /* Base */,
			);
			name = LaunchScreen.storyboard;
			sourceTree = "<group>";
		};
/* End PBXVariantGroup section */

/* Begin XCBuildConfiguration section */
		A8C33EE92A1E6871000339DD /* Debug */ = {
			isa = XCBuildConfiguration;
			buildSettings = {
				ALWAYS_SEARCH_USER_PATHS = NO;
				CLANG_ANALYZER_NONNULL = YES;
				CLANG_ANALYZER_NUMBER_OBJECT_CONVERSION = YES_AGGRESSIVE;
				CLANG_CXX_LANGUAGE_STANDARD = "gnu++17";
				CLANG_ENABLE_MODULES = YES;
				CLANG_ENABLE_OBJC_ARC = YES;
				CLANG_ENABLE_OBJC_WEAK = YES;
				CLANG_WARN_BLOCK_CAPTURE_AUTORELEASING = YES;
				CLANG_WARN_BOOL_CONVERSION = YES;
				CLANG_WARN_COMMA = YES;
				CLANG_WARN_CONSTANT_CONVERSION = YES;
				CLANG_WARN_DEPRECATED_OBJC_IMPLEMENTATIONS = YES;
				CLANG_WARN_DIRECT_OBJC_ISA_USAGE = YES_ERROR;
				CLANG_WARN_DOCUMENTATION_COMMENTS = YES;
				CLANG_WARN_EMPTY_BODY = YES;
				CLANG_WARN_ENUM_CONVERSION = YES;
				CLANG_WARN_INFINITE_RECURSION = YES;
				CLANG_WARN_INT_CONVERSION = YES;
				CLANG_WARN_NON_LITERAL_NULL_CONVERSION = YES;
				CLANG_WARN_OBJC_IMPLICIT_RETAIN_SELF = YES;
				CLANG_WARN_OBJC_LITERAL_CONVERSION = YES;
				CLANG_WARN_OBJC_ROOT_CLASS = YES_ERROR;
				CLANG_WARN_QUOTED_INCLUDE_IN_FRAMEWORK_HEADER = YES;
				CLANG_WARN_RANGE_LOOP_ANALYSIS = YES;
				CLANG_WARN_STRICT_PROTOTYPES = YES;
				CLANG_WARN_SUSPICIOUS_MOVE = YES;
				CLANG_WARN_UNGUARDED_AVAILABILITY = YES_AGGRESSIVE;
				CLANG_WARN_UNREACHABLE_CODE = YES;
				CLANG_WARN__DUPLICATE_METHOD_MATCH = YES;
				COPY_PHASE_STRIP = NO;
				DEBUG_INFORMATION_FORMAT = dwarf;
				ENABLE_STRICT_OBJC_MSGSEND = YES;
				ENABLE_TESTABILITY = YES;
				GCC_C_LANGUAGE_STANDARD = gnu11;
				GCC_DYNAMIC_NO_PIC = NO;
				GCC_NO_COMMON_BLOCKS = YES;
				GCC_OPTIMIZATION_LEVEL = 0;
				GCC_PREPROCESSOR_DEFINITIONS = (
					"DEBUG=1",
					"$(inherited)",
				);
				GCC_WARN_64_TO_32_BIT_CONVERSION = YES;
				GCC_WARN_ABOUT_RETURN_TYPE = YES_ERROR;
				GCC_WARN_UNDECLARED_SELECTOR = YES;
				GCC_WARN_UNINITIALIZED_AUTOS = YES_AGGRESSIVE;
				GCC_WARN_UNUSED_FUNCTION = YES;
				GCC_WARN_UNUSED_VARIABLE = YES;
				IPHONEOS_DEPLOYMENT_TARGET = 15.5;
				MTL_ENABLE_DEBUG_INFO = INCLUDE_SOURCE;
				MTL_FAST_MATH = YES;
				ONLY_ACTIVE_ARCH = YES;
				SDKROOT = iphoneos;
				SWIFT_ACTIVE_COMPILATION_CONDITIONS = DEBUG;
				SWIFT_OPTIMIZATION_LEVEL = "-Onone";
			};
			name = Debug;
		};
		A8C33EEA2A1E6871000339DD /* Release */ = {
			isa = XCBuildConfiguration;
			buildSettings = {
				ALWAYS_SEARCH_USER_PATHS = NO;
				CLANG_ANALYZER_NONNULL = YES;
				CLANG_ANALYZER_NUMBER_OBJECT_CONVERSION = YES_AGGRESSIVE;
				CLANG_CXX_LANGUAGE_STANDARD = "gnu++17";
				CLANG_ENABLE_MODULES = YES;
				CLANG_ENABLE_OBJC_ARC = YES;
				CLANG_ENABLE_OBJC_WEAK = YES;
				CLANG_WARN_BLOCK_CAPTURE_AUTORELEASING = YES;
				CLANG_WARN_BOOL_CONVERSION = YES;
				CLANG_WARN_COMMA = YES;
				CLANG_WARN_CONSTANT_CONVERSION = YES;
				CLANG_WARN_DEPRECATED_OBJC_IMPLEMENTATIONS = YES;
				CLANG_WARN_DIRECT_OBJC_ISA_USAGE = YES_ERROR;
				CLANG_WARN_DOCUMENTATION_COMMENTS = YES;
				CLANG_WARN_EMPTY_BODY = YES;
				CLANG_WARN_ENUM_CONVERSION = YES;
				CLANG_WARN_INFINITE_RECURSION = YES;
				CLANG_WARN_INT_CONVERSION = YES;
				CLANG_WARN_NON_LITERAL_NULL_CONVERSION = YES;
				CLANG_WARN_OBJC_IMPLICIT_RETAIN_SELF = YES;
				CLANG_WARN_OBJC_LITERAL_CONVERSION = YES;
				CLANG_WARN_OBJC_ROOT_CLASS = YES_ERROR;
				CLANG_WARN_QUOTED_INCLUDE_IN_FRAMEWORK_HEADER = YES;
				CLANG_WARN_RANGE_LOOP_ANALYSIS = YES;
				CLANG_WARN_STRICT_PROTOTYPES = YES;
				CLANG_WARN_SUSPICIOUS_MOVE = YES;
				CLANG_WARN_UNGUARDED_AVAILABILITY = YES_AGGRESSIVE;
				CLANG_WARN_UNREACHABLE_CODE = YES;
				CLANG_WARN__DUPLICATE_METHOD_MATCH = YES;
				COPY_PHASE_STRIP = NO;
				DEBUG_INFORMATION_FORMAT = "dwarf-with-dsym";
				ENABLE_NS_ASSERTIONS = NO;
				ENABLE_STRICT_OBJC_MSGSEND = YES;
				GCC_C_LANGUAGE_STANDARD = gnu11;
				GCC_NO_COMMON_BLOCKS = YES;
				GCC_WARN_64_TO_32_BIT_CONVERSION = YES;
				GCC_WARN_ABOUT_RETURN_TYPE = YES_ERROR;
				GCC_WARN_UNDECLARED_SELECTOR = YES;
				GCC_WARN_UNINITIALIZED_AUTOS = YES_AGGRESSIVE;
				GCC_WARN_UNUSED_FUNCTION = YES;
				GCC_WARN_UNUSED_VARIABLE = YES;
				IPHONEOS_DEPLOYMENT_TARGET = 15.5;
				MTL_ENABLE_DEBUG_INFO = NO;
				MTL_FAST_MATH = YES;
				SDKROOT = iphoneos;
				SWIFT_COMPILATION_MODE = wholemodule;
				SWIFT_OPTIMIZATION_LEVEL = "-O";
				VALIDATE_PRODUCT = YES;
			};
			name = Release;
		};
		A8C33EEC2A1E6871000339DD /* Debug */ = {
			isa = XCBuildConfiguration;
			buildSettings = {
				ASSETCATALOG_COMPILER_APPICON_NAME = AppIcon;
				ASSETCATALOG_COMPILER_GLOBAL_ACCENT_COLOR_NAME = AccentColor;
				CODE_SIGN_STYLE = Automatic;
				CURRENT_PROJECT_VERSION = 1;
				GENERATE_INFOPLIST_FILE = YES;
				INFOPLIST_FILE = CondoriSoundBoard/Info.plist;
				INFOPLIST_KEY_UIApplicationSupportsIndirectInputEvents = YES;
				INFOPLIST_KEY_UILaunchStoryboardName = LaunchScreen;
				INFOPLIST_KEY_UIMainStoryboardFile = Main;
				INFOPLIST_KEY_UISupportedInterfaceOrientations_iPad = "UIInterfaceOrientationPortrait UIInterfaceOrientationPortraitUpsideDown UIInterfaceOrientationLandscapeLeft UIInterfaceOrientationLandscapeRight";
				INFOPLIST_KEY_UISupportedInterfaceOrientations_iPhone = "UIInterfaceOrientationPortrait UIInterfaceOrientationLandscapeLeft UIInterfaceOrientationLandscapeRight";
				LD_RUNPATH_SEARCH_PATHS = (
					"$(inherited)",
					"@executable_path/Frameworks",
				);
				MARKETING_VERSION = 1.0;
				PRODUCT_BUNDLE_IDENTIFIER = miempresa.com.CondoriSoundBoard;
				PRODUCT_NAME = "$(TARGET_NAME)";
				SWIFT_EMIT_LOC_STRINGS = YES;
				SWIFT_VERSION = 5.0;
				TARGETED_DEVICE_FAMILY = "1,2";
			};
			name = Debug;
		};
		A8C33EED2A1E6871000339DD /* Release */ = {
			isa = XCBuildConfiguration;
			buildSettings = {
				ASSETCATALOG_COMPILER_APPICON_NAME = AppIcon;
				ASSETCATALOG_COMPILER_GLOBAL_ACCENT_COLOR_NAME = AccentColor;
				CODE_SIGN_STYLE = Automatic;
				CURRENT_PROJECT_VERSION = 1;
				GENERATE_INFOPLIST_FILE = YES;
				INFOPLIST_FILE = CondoriSoundBoard/Info.plist;
				INFOPLIST_KEY_UIApplicationSupportsIndirectInputEvents = YES;
				INFOPLIST_KEY_UILaunchStoryboardName = LaunchScreen;
				INFOPLIST_KEY_UIMainStoryboardFile = Main;
				INFOPLIST_KEY_UISupportedInterfaceOrientations_iPad = "UIInterfaceOrientationPortrait UIInterfaceOrientationPortraitUpsideDown UIInterfaceOrientationLandscapeLeft UIInterfaceOrientationLandscapeRight";
				INFOPLIST_KEY_UISupportedInterfaceOrientations_iPhone = "UIInterfaceOrientationPortrait UIInterfaceOrientationLandscapeLeft UIInterfaceOrientationLandscapeRight";
				LD_RUNPATH_SEARCH_PATHS = (
					"$(inherited)",
					"@executable_path/Frameworks",
				);
				MARKETING_VERSION = 1.0;
				PRODUCT_BUNDLE_IDENTIFIER = miempresa.com.CondoriSoundBoard;
				PRODUCT_NAME = "$(TARGET_NAME)";
				SWIFT_EMIT_LOC_STRINGS = YES;
				SWIFT_VERSION = 5.0;
				TARGETED_DEVICE_FAMILY = "1,2";
			};
			name = Release;
		};
/* End XCBuildConfiguration section */

/* Begin XCConfigurationList section */
		A8C33ECF2A1E686C000339DD /* Build configuration list for PBXProject "CondoriSoundBoard" */ = {
			isa = XCConfigurationList;
			buildConfigurations = (
				A8C33EE92A1E6871000339DD /* Debug */,
				A8C33EEA2A1E6871000339DD /* Release */,
			);
			defaultConfigurationIsVisible = 0;
			defaultConfigurationName = Release;
		};
		A8C33EEB2A1E6871000339DD /* Build configuration list for PBXNativeTarget "CondoriSoundBoard" */ = {
			isa = XCConfigurationList;
			buildConfigurations = (
				A8C33EEC2A1E6871000339DD /* Debug */,
				A8C33EED2A1E6871000339DD /* Release */,
			);
			defaultConfigurationIsVisible = 0;
			defaultConfigurationName = Release;
		};
/* End XCConfigurationList section */

/* Begin XCVersionGroup section */
		77208B532A22A82D003EDE1A /* CondoriSoundBoard.xcdatamodeld */ = {
			isa = XCVersionGroup;
			children = (
				77208B542A22A82D003EDE1A /* CondoriSoundBoard.xcdatamodel */,
			);
			currentVersion = 77208B542A22A82D003EDE1A /* CondoriSoundBoard.xcdatamodel */;
			path = CondoriSoundBoard.xcdatamodeld;
			sourceTree = "<group>";
			versionGroupType = wrapper.xcdatamodel;
		};
/* End XCVersionGroup section */
	};
	rootObject = A8C33ECC2A1E686C000339DD /* Project object */;
}
